
Microsoft Visual Studio Solution File, Format Version 12.00
# Visual Studio 15
VisualStudioVersion = 15.0.27004.2006
MinimumVisualStudioVersion = 10.0.40219.1
Project("{9A19103F-16F7-4668-BE54-9A1E7A4F7556}") = "WebApplication1", "WebApplication1\WebApplication1.csproj", "{98AB8636-B481-4683-A847-86CD4867249E}"
EndProject
Global
	GlobalSection(SolutionConfigurationPlatforms) = preSolution
		Debug|Any CPU = Debug|Any CPU
		Release|Any CPU = Release|Any CPU
	EndGlobalSection
	GlobalSection(ProjectConfigurationPlatforms) = postSolution
		{98AB8636-B481-4683-A847-86CD4867249E}.Debug|Any CPU.ActiveCfg = Debug|Any CPU
		{98AB8636-B481-4683-A847-86CD4867249E}.Debug|Any CPU.Build.0 = Debug|Any CPU
		{98AB8636-B481-4683-A847-86CD4867249E}.Release|Any CPU.ActiveCfg = Release|Any CPU
		{98AB8636-B481-4683-A847-86CD4867249E}.Release|Any CPU.Build.0 = Release|Any CPU
	EndGlobalSection
	GlobalSection(SolutionProperties) = preSolution
		HideSolutionNode = FALSE
	EndGlobalSection
	GlobalSection(ExtensibilityGlobals) = postSolution
		SolutionGuid = {17F3C90E-A50B-4AFE-9E44-4D1952B4B88E}
	EndGlobalSection
EndGlobal
